<Project xmlns="http://schemas.microsoft.com/developer/msbuild/2003">
    <PropertyGroup>
        <ProjectGuid>{80B033B9-06D7-4D32-B3A0-7C256320CE3D}</ProjectGuid>
        <MainSource>XCompanyComponentes.dpk</MainSource>
        <ProjectVersion>15.3</ProjectVersion>
        <FrameworkType>VCL</FrameworkType>
        <Base>True</Base>
        <Config Condition="'$(Config)'==''">Debug</Config>
        <Platform Condition="'$(Platform)'==''">Win32</Platform>
        <TargetedPlatforms>1</TargetedPlatforms>
        <AppType>Package</AppType>
    </PropertyGroup>
    <PropertyGroup Condition="'$(Config)'=='Base' or '$(Base)'!=''">
        <Base>true</Base>
    </PropertyGroup>
    <PropertyGroup Condition="('$(Platform)'=='OSX32' and '$(Base)'=='true') or '$(Base_OSX32)'!=''">
        <Base_OSX32>true</Base_OSX32>
        <CfgParent>Base</CfgParent>
        <Base>true</Base>
    </PropertyGroup>
    <PropertyGroup Condition="('$(Platform)'=='Win32' and '$(Base)'=='true') or '$(Base_Win32)'!=''">
        <Base_Win32>true</Base_Win32>
        <CfgParent>Base</CfgParent>
        <Base>true</Base>
    </PropertyGroup>
    <PropertyGroup Condition="('$(Platform)'=='Win64' and '$(Base)'=='true') or '$(Base_Win64)'!=''">
        <Base_Win64>true</Base_Win64>
        <CfgParent>Base</CfgParent>
        <Base>true</Base>
    </PropertyGroup>
    <PropertyGroup Condition="'$(Config)'=='Debug' or '$(Cfg_1)'!=''">
        <Cfg_1>true</Cfg_1>
        <CfgParent>Base</CfgParent>
        <Base>true</Base>
    </PropertyGroup>
    <PropertyGroup Condition="('$(Platform)'=='Win32' and '$(Cfg_1)'=='true') or '$(Cfg_1_Win32)'!=''">
        <Cfg_1_Win32>true</Cfg_1_Win32>
        <CfgParent>Cfg_1</CfgParent>
        <Cfg_1>true</Cfg_1>
        <Base>true</Base>
    </PropertyGroup>
    <PropertyGroup Condition="'$(Config)'=='Release' or '$(Cfg_2)'!=''">
        <Cfg_2>true</Cfg_2>
        <CfgParent>Base</CfgParent>
        <Base>true</Base>
    </PropertyGroup>
    <PropertyGroup Condition="('$(Platform)'=='Win32' and '$(Cfg_2)'=='true') or '$(Cfg_2_Win32)'!=''">
        <Cfg_2_Win32>true</Cfg_2_Win32>
        <CfgParent>Cfg_2</CfgParent>
        <Cfg_2>true</Cfg_2>
        <Base>true</Base>
    </PropertyGroup>
    <PropertyGroup Condition="'$(Base)'!=''">
        <VerInfo_Keys>CompanyName=;FileDescription=;FileVersion=1.0.0.0;InternalName=;LegalCopyright=;LegalTrademarks=;OriginalFilename=;ProductName=;ProductVersion=1.0.0.0;Comments=</VerInfo_Keys>
        <DCC_BplOutput>.\BPL</DCC_BplOutput>
        <VerInfo_Locale>1046</VerInfo_Locale>
        <DCC_DcpOutput>.\DCP</DCC_DcpOutput>
        <DCC_UsePackage>rtl;dbrtl;$(DCC_UsePackage)</DCC_UsePackage>
        <DCC_CBuilderOutput>All</DCC_CBuilderOutput>
        <DCC_Namespace>System;Xml;Data;Datasnap;Web;Soap;Vcl;Vcl.Imaging;Vcl.Touch;Vcl.Samples;Vcl.Shell;$(DCC_Namespace)</DCC_Namespace>
        <GenPackage>true</GenPackage>
        <GenDll>true</GenDll>
        <DCC_DcuOutput>.\$(Platform)\$(Config)</DCC_DcuOutput>
        <DCC_ExeOutput>.\$(Platform)\$(Config)</DCC_ExeOutput>
    </PropertyGroup>
    <PropertyGroup Condition="'$(Base_OSX32)'!=''">
        <DCC_UsePackage>xmlrtl;DbxCommonDriver;dbexpress;soaprtl;inet;dsnap;bindengine;bindcomp;IndySystem;IndyProtocols;IndyCore;$(DCC_UsePackage)</DCC_UsePackage>
    </PropertyGroup>
    <PropertyGroup Condition="'$(Base_Win32)'!=''">
        <DCC_UsePackage>vcl;RaizeComponentsXE2;vcldb;bdertl;PacoteComponentesBasicos;RaizeComponentsVcl;RaizeComponentsVclDb;xmlrtl;vclactnband;vclx;vclimg;DbxCommonDriver;dbexpress;soaprtl;inet;dsnap;VclSmp;vcldsnap;bindengine;bindcomp;bindcompvcl;dsnapcon;IndySystem;IndyProtocols;IndyCore;DBXOdbcDriver;TeeUI;Tee;DbxDevartPostgreSQLDriver180;tmsdXE4;rbIDE1518;rbRCL1518;rbRTL1518;rbBDE1518;rbDB1518;rbRAP1518;ZComponent;ZDbc;ZPlain;ZCore;ZParseSql;tmsdXE5;$(DCC_UsePackage)</DCC_UsePackage>
        <VerInfo_IncludeVerInfo>true</VerInfo_IncludeVerInfo>
        <DCC_Namespace>Winapi;System.Win;Data.Win;Datasnap.Win;Web.Win;Soap.Win;Xml.Win;Bde;$(DCC_Namespace)</DCC_Namespace>
        <VerInfo_Locale>1033</VerInfo_Locale>
    </PropertyGroup>
    <PropertyGroup Condition="'$(Base_Win64)'!=''">
        <DCC_UsePackage>vcl;vcldb;RaizeComponentsVcl;RaizeComponentsVclDb;xmlrtl;vclactnband;vclx;vclimg;DbxCommonDriver;dbexpress;soaprtl;inet;dsnap;VclSmp;vcldsnap;bindengine;bindcomp;bindcompvcl;dsnapcon;IndySystem;IndyProtocols;IndyCore;DBXOdbcDriver;TeeUI;Tee;ZComponent;ZDbc;ZPlain;ZCore;ZParseSql;$(DCC_UsePackage)</DCC_UsePackage>
    </PropertyGroup>
    <PropertyGroup Condition="'$(Cfg_1)'!=''">
        <DCC_Define>DEBUG;$(DCC_Define)</DCC_Define>
        <DCC_Optimize>false</DCC_Optimize>
        <DCC_GenerateStackFrames>true</DCC_GenerateStackFrames>
        <DCC_DebugInfoInExe>true</DCC_DebugInfoInExe>
        <DCC_RemoteDebug>true</DCC_RemoteDebug>
    </PropertyGroup>
    <PropertyGroup Condition="'$(Cfg_1_Win32)'!=''">
        <DCC_BplOutput>C:\xcompany\xcompany\Win32\Debug</DCC_BplOutput>
        <VerInfo_IncludeVerInfo>true</VerInfo_IncludeVerInfo>
        <BRCC_OutputDir>.\DCU</BRCC_OutputDir>
        <DCC_DcpOutput>C:\xcompany\xcompany\Win32\Debug</DCC_DcpOutput>
        <VerInfo_Locale>1033</VerInfo_Locale>
        <DCC_DcuOutput>.\DCU</DCC_DcuOutput>
        <DCC_RemoteDebug>false</DCC_RemoteDebug>
    </PropertyGroup>
    <PropertyGroup Condition="'$(Cfg_2)'!=''">
        <DCC_LocalDebugSymbols>false</DCC_LocalDebugSymbols>
        <DCC_Define>RELEASE;$(DCC_Define)</DCC_Define>
        <DCC_SymbolReferenceInfo>0</DCC_SymbolReferenceInfo>
        <DCC_DebugInformation>0</DCC_DebugInformation>
    </PropertyGroup>
    <PropertyGroup Condition="'$(Cfg_2_Win32)'!=''">
        <DCC_DebugDCUs>true</DCC_DebugDCUs>
        <DCC_BplOutput>C:\xcompany\Pacotes\BPL\</DCC_BplOutput>
        <VerInfo_IncludeVerInfo>true</VerInfo_IncludeVerInfo>
        <VerInfo_Locale>1033</VerInfo_Locale>
        <DCC_DcpOutput>C:\xcompany\Pacotes\BPL\</DCC_DcpOutput>
    </PropertyGroup>
    <ItemGroup>
        <DelphiCompile Include="$(MainSource)">
            <MainSource>MainSource</MainSource>
        </DelphiCompile>
        <DCCReference Include="rtl.dcp"/>
        <DCCReference Include="vcl.dcp"/>
        <DCCReference Include="dbrtl.dcp"/>
        <DCCReference Include="vcldb.dcp"/>
        <DCCReference Include="bdertl.dcp"/>
        <DCCReference Include="RaizeComponentsVcl.dcp"/>
        <DCCReference Include="RaizeComponentsVclDb.dcp"/>
        <DCCReference Include="vclimg.dcp"/>
        <DCCReference Include="designide.dcp"/>
        <DCCReference Include="dsnap.dcp"/>
        <DCCReference Include="tmsdXE4.dcp"/>
        <DCCReference Include="DbxCommonDriver.dcp"/>
        <DCCReference Include="dbexpress.dcp"/>
        <DCCReference Include="DbxDevartPostgreSQLDriver180.dcp"/>
        <DCCReference Include="Source\uXCompanyBotoes.pas"/>
        <DCCReference Include="Source\uXEdit.pas"/>
        <DCCReference Include="Source\uXDbEdit.pas"/>
        <DCCReference Include="Source\uXDBGridZebrado.pas"/>
        <DCCReference Include="Source\abfiltro\abfiltrogrid.pas"/>
        <DCCReference Include="Source\abfiltro\abfiltrogridsql.pas"/>
        <DCCReference Include="Source\abfiltro\formabfiltro.pas">
            <Form>FrmABFiltro</Form>
        </DCCReference>
        <DCCReference Include="Source\abfiltro\formabfiltrosql.pas">
            <Form>FrmABFiltroSQl</Form>
        </DCCReference>
        <DCCReference Include="Source\dbgridcheckbox\dbgrid3d.pas"/>
        <DCCReference Include="Source\uXComponentesConstantes.pas"/>
        <DCCReference Include="Source\uXPanel.pas"/>
        <DCCReference Include="Source\uXComboBox.pas"/>
        <DCCReference Include="Source\uClasseDefinePadrao.pas"/>
        <DCCReference Include="Source\uXPageControl.pas"/>
        <DCCReference Include="Source\uXDbText.pas"/>
        <DCCReference Include="Source\uxShape.pas"/>
        <DCCReference Include="Source\uClasseFuncoes.pas"/>
        <DCCReference Include="Source\uXeButtonGroup.pas"/>
        <DCCReference Include="Source\uxParametrizacao.pas"/>
        <DCCReference Include="Source\uFormEditorParametros.pas">
            <Form>frmEditorParametros</Form>
            <FormType>dfm</FormType>
        </DCCReference>
        <DCCReference Include="Source\uxParametrizacaoEditor.pas"/>
        <DCCReference Include="Source\uClasseParametros.pas"/>
        <DCCReference Include="Source\uFrmDigitaParametro.pas">
            <Form>frmDigitaParametro</Form>
            <FormType>dfm</FormType>
        </DCCReference>
        <DCCReference Include="Source\uFrmLocalizarParametro.pas">
            <Form>frmLocalizaParametro</Form>
            <FormType>dfm</FormType>
        </DCCReference>
        <DCCReference Include="Source\uXAjuda.pas"/>
        <DCCReference Include="Source\uClasseTxConexao.pas"/>
        <BuildConfiguration Include="Release">
            <Key>Cfg_2</Key>
            <CfgParent>Base</CfgParent>
        </BuildConfiguration>
        <BuildConfiguration Include="Base">
            <Key>Base</Key>
        </BuildConfiguration>
        <BuildConfiguration Include="Debug">
            <Key>Cfg_1</Key>
            <CfgParent>Base</CfgParent>
        </BuildConfiguration>
    </ItemGroup>
    <ProjectExtensions>
        <Borland.Personality>Delphi.Personality.12</Borland.Personality>
        <Borland.ProjectType>Package</Borland.ProjectType>
        <BorlandProject>
            <Delphi.Personality>
                <Source>
                    <Source Name="MainSource">XCompanyComponentes.dpk</Source>
                </Source>
                <VersionInfo>
                    <VersionInfo Name="IncludeVerInfo">True</VersionInfo>
                    <VersionInfo Name="AutoIncBuild">False</VersionInfo>
                    <VersionInfo Name="MajorVer">1</VersionInfo>
                    <VersionInfo Name="MinorVer">0</VersionInfo>
                    <VersionInfo Name="Release">0</VersionInfo>
                    <VersionInfo Name="Build">0</VersionInfo>
                    <VersionInfo Name="Debug">False</VersionInfo>
                    <VersionInfo Name="PreRelease">False</VersionInfo>
                    <VersionInfo Name="Special">False</VersionInfo>
                    <VersionInfo Name="Private">False</VersionInfo>
                    <VersionInfo Name="DLL">False</VersionInfo>
                    <VersionInfo Name="Locale">1046</VersionInfo>
                    <VersionInfo Name="CodePage">1252</VersionInfo>
                </VersionInfo>
                <VersionInfoKeys>
                    <VersionInfoKeys Name="CompanyName"/>
                    <VersionInfoKeys Name="FileDescription"/>
                    <VersionInfoKeys Name="FileVersion">1.0.0.0</VersionInfoKeys>
                    <VersionInfoKeys Name="InternalName"/>
                    <VersionInfoKeys Name="LegalCopyright"/>
                    <VersionInfoKeys Name="LegalTrademarks"/>
                    <VersionInfoKeys Name="OriginalFilename"/>
                    <VersionInfoKeys Name="ProductName"/>
                    <VersionInfoKeys Name="ProductVersion">1.0.0.0</VersionInfoKeys>
                    <VersionInfoKeys Name="Comments"/>
                </VersionInfoKeys>
                <Excluded_Packages>
                    <Excluded_Packages Name="$(BDSBIN)\dcloffice2k180.bpl">Microsoft Office 2000 Sample Automation Server Wrapper Components</Excluded_Packages>
                    <Excluded_Packages Name="$(BDSBIN)\dclofficexp180.bpl">Microsoft Office XP Sample Automation Server Wrapper Components</Excluded_Packages>
                </Excluded_Packages>
            </Delphi.Personality>
            <Deployment/>
            <Platforms>
                <Platform value="OSX32">False</Platform>
                <Platform value="Win32">True</Platform>
                <Platform value="Win64">False</Platform>
            </Platforms>
        </BorlandProject>
        <ProjectFileVersion>12</ProjectFileVersion>
    </ProjectExtensions>
    <Import Condition="Exists('$(BDS)\Bin\CodeGear.Delphi.Targets')" Project="$(BDS)\Bin\CodeGear.Delphi.Targets"/>
    <Import Condition="Exists('$(APPDATA)\Embarcadero\$(BDSAPPDATABASEDIR)\$(PRODUCTVERSION)\UserTools.proj')" Project="$(APPDATA)\Embarcadero\$(BDSAPPDATABASEDIR)\$(PRODUCTVERSION)\UserTools.proj"/>
</Project>
